
Microsoft Visual Studio Solution File, Format Version 12.00
# Visual Studio 15
Project("{FAE04EC0-301F-11D3-BF4B-00C04F79EFBC}") = "_UnityPlus.Serialization", "_UnityPlus.Serialization.csproj", "{FED3C19A-E743-9E19-D660-957D0801811E}"
EndProject
Project("{FAE04EC0-301F-11D3-BF4B-00C04F79EFBC}") = "_UnityPlus.UILib", "_UnityPlus.UILib.csproj", "{3A5E96D9-C189-180D-1672-7BEFFDEBCE5F}"
EndProject
Project("{FAE04EC0-301F-11D3-BF4B-00C04F79EFBC}") = "HSP.Construction", "HSP.Construction.csproj", "{EBC6D9CF-7C4D-8C8F-E094-E9D859959A88}"
EndProject
Project("{FAE04EC0-301F-11D3-BF4B-00C04F79EFBC}") = "HSP.Scenes.EditorScene", "HSP.Scenes.EditorScene.csproj", "{26E53F3B-1BE4-113D-7340-C6C555D4A8BF}"
EndProject
Project("{FAE04EC0-301F-11D3-BF4B-00C04F79EFBC}") = "HSP.ControlSystems", "HSP.ControlSystems.csproj", "{5E371463-138D-D25A-49B8-DED13355C7DC}"
EndProject
Project("{FAE04EC0-301F-11D3-BF4B-00C04F79EFBC}") = "HSP.GameSaves", "HSP.GameSaves.csproj", "{7B79DB1D-589B-12A2-8A45-5CD71F432A5F}"
EndProject
Project("{FAE04EC0-301F-11D3-BF4B-00C04F79EFBC}") = "HSP", "HSP.csproj", "{5294BE79-15AB-2AAE-E8C3-9E735E001D6D}"
EndProject
Project("{FAE04EC0-301F-11D3-BF4B-00C04F79EFBC}") = "HSP.Vessels.UI", "HSP.Vessels.UI.csproj", "{09D8F411-3D38-F14B-90BD-F12A31B6A5E3}"
EndProject
Project("{FAE04EC0-301F-11D3-BF4B-00C04F79EFBC}") = "HSP.Vessels", "HSP.Vessels.csproj", "{46E8105E-3165-8157-383E-59E6654156AA}"
EndProject
Project("{FAE04EC0-301F-11D3-BF4B-00C04F79EFBC}") = "HSP.Tests.PlayMode", "HSP.Tests.PlayMode.csproj", "{F7996F56-86CE-7CC9-2E18-0B9B6A755B26}"
EndProject
Project("{FAE04EC0-301F-11D3-BF4B-00C04F79EFBC}") = "_UnityPlus.Logging", "_UnityPlus.Logging.csproj", "{71FF22E3-6491-7B94-7004-34ABCE1AC5F6}"
EndProject
Project("{FAE04EC0-301F-11D3-BF4B-00C04F79EFBC}") = "HSP.Trajectories", "HSP.Trajectories.csproj", "{57FA29CC-9026-83EE-F242-EA051DEA7649}"
EndProject
Project("{FAE04EC0-301F-11D3-BF4B-00C04F79EFBC}") = "_UnityEngine", "_UnityEngine.csproj", "{29A28F5C-31DD-0068-5BB5-61A0CFFA20FA}"
EndProject
Project("{FAE04EC0-301F-11D3-BF4B-00C04F79EFBC}") = "HSP.UI", "HSP.UI.csproj", "{05A5E85F-FD04-4199-F86F-3A6E38B383FB}"
EndProject
Project("{FAE04EC0-301F-11D3-BF4B-00C04F79EFBC}") = "HSP.ControlSystems.UI", "HSP.ControlSystems.UI.csproj", "{BD7E672F-CA16-08E5-D97A-DAC1835C7D98}"
EndProject
Project("{FAE04EC0-301F-11D3-BF4B-00C04F79EFBC}") = "HSP.Parts", "HSP.Parts.csproj", "{9A6483C1-A672-B819-848A-6612074FF602}"
EndProject
Project("{FAE04EC0-301F-11D3-BF4B-00C04F79EFBC}") = "HSP.Time", "HSP.Time.csproj", "{04DC55C0-E02E-3069-7322-19B05EB71C21}"
EndProject
Project("{FAE04EC0-301F-11D3-BF4B-00C04F79EFBC}") = "HSP.Scenes.DesignScene", "HSP.Scenes.DesignScene.csproj", "{EBE9303E-BBCA-7E74-9C99-30DB3592FFBF}"
EndProject
Project("{FAE04EC0-301F-11D3-BF4B-00C04F79EFBC}") = "HSP._DevUtils", "HSP._DevUtils.csproj", "{D580E15E-BD0A-821F-5D34-45425A34B44A}"
EndProject
Project("{FAE04EC0-301F-11D3-BF4B-00C04F79EFBC}") = "HSP.Scenes.GameplayScene", "HSP.Scenes.GameplayScene.csproj", "{E0701DD8-A95B-E8D7-32D3-2A9F5E63B7C1}"
EndProject
Project("{FAE04EC0-301F-11D3-BF4B-00C04F79EFBC}") = "HSP.Construction.UI", "HSP.Construction.UI.csproj", "{7DF6097F-86A3-93DA-D6A0-5474DB2F471D}"
EndProject
Project("{FAE04EC0-301F-11D3-BF4B-00C04F79EFBC}") = "_UnityPlus.Input", "_UnityPlus.Input.csproj", "{1B7EDF60-A4D7-21D6-6511-CFB4286999D1}"
EndProject
Project("{FAE04EC0-301F-11D3-BF4B-00C04F79EFBC}") = "HSP.CelestialBodies", "HSP.CelestialBodies.csproj", "{83793330-5AED-C186-5E4B-AAD4BB463469}"
EndProject
Project("{FAE04EC0-301F-11D3-BF4B-00C04F79EFBC}") = "HSP.Saves.UI", "HSP.Saves.UI.csproj", "{FEB56FE4-5FF4-970D-155C-ECFFC6875FCC}"
EndProject
Project("{FAE04EC0-301F-11D3-BF4B-00C04F79EFBC}") = "HSP.Mods", "HSP.Mods.csproj", "{0154DC26-C22A-7048-BA39-F7B5E2FC50F5}"
EndProject
Project("{FAE04EC0-301F-11D3-BF4B-00C04F79EFBC}") = "HSP.ResourceFlowSystems", "HSP.ResourceFlowSystems.csproj", "{3571782F-61A5-6CFD-55BC-EEDD96A22576}"
EndProject
Project("{FAE04EC0-301F-11D3-BF4B-00C04F79EFBC}") = "_UnityPlus.AssetManagement", "_UnityPlus.AssetManagement.csproj", "{7122B491-FD2B-2B59-D391-006CB0AE788B}"
EndProject
Project("{FAE04EC0-301F-11D3-BF4B-00C04F79EFBC}") = "HSP.Parts.UI", "HSP.Parts.UI.csproj", "{34E5BC30-8AC1-2466-FF5B-892DC2D28E5C}"
EndProject
Project("{FAE04EC0-301F-11D3-BF4B-00C04F79EFBC}") = "HSP.ScreenCapturing", "HSP.ScreenCapturing.csproj", "{A72CC48E-46C1-25C7-DFC0-DDA669184CFD}"
EndProject
Project("{FAE04EC0-301F-11D3-BF4B-00C04F79EFBC}") = "HSP.Scenes.GameplayScene.UI", "HSP.Scenes.GameplayScene.UI.csproj", "{4B0BDAA6-C924-8E53-FBDE-D5791D506220}"
EndProject
Project("{FAE04EC0-301F-11D3-BF4B-00C04F79EFBC}") = "_UnityPlus.Rendering", "_UnityPlus.Rendering.csproj", "{F3C1E0C7-BAE5-6DE0-84AD-9BB24DE559A4}"
EndProject
Project("{FAE04EC0-301F-11D3-BF4B-00C04F79EFBC}") = "_UnityPlus.OverridableEvents", "_UnityPlus.OverridableEvents.csproj", "{049D3356-CD2A-DFB0-C50D-8CFE5B092848}"
EndProject
Project("{FAE04EC0-301F-11D3-BF4B-00C04F79EFBC}") = "HSP.ReferenecFrames", "HSP.ReferenecFrames.csproj", "{F1C2A84E-C233-5868-7BBC-E11630E3C21F}"
EndProject
Project("{FAE04EC0-301F-11D3-BF4B-00C04F79EFBC}") = "HSP.SceneManagement", "HSP.SceneManagement.csproj", "{5B21ACE1-5E92-EEB2-818D-AF6D6AE9F824}"
EndProject
Project("{FAE04EC0-301F-11D3-BF4B-00C04F79EFBC}") = "HSP.Scenes.MainMenuScene.UI", "HSP.Scenes.MainMenuScene.UI.csproj", "{562620D8-729C-2F61-DFDD-051DFCEE72CC}"
EndProject
Project("{FAE04EC0-301F-11D3-BF4B-00C04F79EFBC}") = "HSP.Scenes.MainMenuScene", "HSP.Scenes.MainMenuScene.csproj", "{F882B8AF-FA0D-C1B1-FAFE-62D3C35EECE4}"
EndProject
Project("{FAE04EC0-301F-11D3-BF4B-00C04F79EFBC}") = "HSP.Input", "HSP.Input.csproj", "{27123301-09AF-37AC-2FCA-FF7B2CC75C42}"
EndProject
Project("{FAE04EC0-301F-11D3-BF4B-00C04F79EFBC}") = "HSP.Scenes", "HSP.Scenes.csproj", "{0FF6884C-8D4A-7AB7-5D8A-5FBF5FCF8190}"
EndProject
Project("{FAE04EC0-301F-11D3-BF4B-00C04F79EFBC}") = "HSP.GameData", "HSP.GameData.csproj", "{30FCEB70-5CB0-A807-3111-0C3A7B6A8B73}"
EndProject
Project("{FAE04EC0-301F-11D3-BF4B-00C04F79EFBC}") = "HSP.Time.UI", "HSP.Time.UI.csproj", "{923A307F-F799-7BF1-56BF-F90ABF3B00DE}"
EndProject
Project("{FAE04EC0-301F-11D3-BF4B-00C04F79EFBC}") = "HSP.Scenes.AlwaysLoadedScene", "HSP.Scenes.AlwaysLoadedScene.csproj", "{B0F0B624-059E-B121-D0B4-7A021947957C}"
EndProject
Project("{FAE04EC0-301F-11D3-BF4B-00C04F79EFBC}") = "HSP.ResourceFlowSystems.UI", "HSP.ResourceFlowSystems.UI.csproj", "{05E3AC32-3145-8FC3-9421-F77AF7BFC47F}"
EndProject
Project("{FAE04EC0-301F-11D3-BF4B-00C04F79EFBC}") = "HSP.Scenes.DesignScene.UI", "HSP.Scenes.DesignScene.UI.csproj", "{509040FA-6699-A6FE-9ED5-76B5A7956D8E}"
EndProject
Project("{FAE04EC0-301F-11D3-BF4B-00C04F79EFBC}") = "HSP.Tests.EditMode", "HSP.Tests.EditMode.csproj", "{04895474-C969-6D06-414D-33AF6BBD5578}"
EndProject
Global
	GlobalSection(SolutionConfigurationPlatforms) = preSolution
		Debug|Any CPU = Debug|Any CPU
		Release|Any CPU = Release|Any CPU
	EndGlobalSection
	GlobalSection(ProjectConfigurationPlatforms) = postSolution
		{FED3C19A-E743-9E19-D660-957D0801811E}.Debug|Any CPU.ActiveCfg = Debug|Any CPU
		{FED3C19A-E743-9E19-D660-957D0801811E}.Debug|Any CPU.Build.0 = Debug|Any CPU
		{FED3C19A-E743-9E19-D660-957D0801811E}.Release|Any CPU.ActiveCfg = Release|Any CPU
		{FED3C19A-E743-9E19-D660-957D0801811E}.Release|Any CPU.Build.0 = Release|Any CPU
		{3A5E96D9-C189-180D-1672-7BEFFDEBCE5F}.Debug|Any CPU.ActiveCfg = Debug|Any CPU
		{3A5E96D9-C189-180D-1672-7BEFFDEBCE5F}.Debug|Any CPU.Build.0 = Debug|Any CPU
		{3A5E96D9-C189-180D-1672-7BEFFDEBCE5F}.Release|Any CPU.ActiveCfg = Release|Any CPU
		{3A5E96D9-C189-180D-1672-7BEFFDEBCE5F}.Release|Any CPU.Build.0 = Release|Any CPU
		{EBC6D9CF-7C4D-8C8F-E094-E9D859959A88}.Debug|Any CPU.ActiveCfg = Debug|Any CPU
		{EBC6D9CF-7C4D-8C8F-E094-E9D859959A88}.Debug|Any CPU.Build.0 = Debug|Any CPU
		{EBC6D9CF-7C4D-8C8F-E094-E9D859959A88}.Release|Any CPU.ActiveCfg = Release|Any CPU
		{EBC6D9CF-7C4D-8C8F-E094-E9D859959A88}.Release|Any CPU.Build.0 = Release|Any CPU
		{26E53F3B-1BE4-113D-7340-C6C555D4A8BF}.Debug|Any CPU.ActiveCfg = Debug|Any CPU
		{26E53F3B-1BE4-113D-7340-C6C555D4A8BF}.Debug|Any CPU.Build.0 = Debug|Any CPU
		{26E53F3B-1BE4-113D-7340-C6C555D4A8BF}.Release|Any CPU.ActiveCfg = Release|Any CPU
		{26E53F3B-1BE4-113D-7340-C6C555D4A8BF}.Release|Any CPU.Build.0 = Release|Any CPU
		{5E371463-138D-D25A-49B8-DED13355C7DC}.Debug|Any CPU.ActiveCfg = Debug|Any CPU
		{5E371463-138D-D25A-49B8-DED13355C7DC}.Debug|Any CPU.Build.0 = Debug|Any CPU
		{5E371463-138D-D25A-49B8-DED13355C7DC}.Release|Any CPU.ActiveCfg = Release|Any CPU
		{5E371463-138D-D25A-49B8-DED13355C7DC}.Release|Any CPU.Build.0 = Release|Any CPU
		{7B79DB1D-589B-12A2-8A45-5CD71F432A5F}.Debug|Any CPU.ActiveCfg = Debug|Any CPU
		{7B79DB1D-589B-12A2-8A45-5CD71F432A5F}.Debug|Any CPU.Build.0 = Debug|Any CPU
		{7B79DB1D-589B-12A2-8A45-5CD71F432A5F}.Release|Any CPU.ActiveCfg = Release|Any CPU
		{7B79DB1D-589B-12A2-8A45-5CD71F432A5F}.Release|Any CPU.Build.0 = Release|Any CPU
		{5294BE79-15AB-2AAE-E8C3-9E735E001D6D}.Debug|Any CPU.ActiveCfg = Debug|Any CPU
		{5294BE79-15AB-2AAE-E8C3-9E735E001D6D}.Debug|Any CPU.Build.0 = Debug|Any CPU
		{5294BE79-15AB-2AAE-E8C3-9E735E001D6D}.Release|Any CPU.ActiveCfg = Release|Any CPU
		{5294BE79-15AB-2AAE-E8C3-9E735E001D6D}.Release|Any CPU.Build.0 = Release|Any CPU
		{09D8F411-3D38-F14B-90BD-F12A31B6A5E3}.Debug|Any CPU.ActiveCfg = Debug|Any CPU
		{09D8F411-3D38-F14B-90BD-F12A31B6A5E3}.Debug|Any CPU.Build.0 = Debug|Any CPU
		{09D8F411-3D38-F14B-90BD-F12A31B6A5E3}.Release|Any CPU.ActiveCfg = Release|Any CPU
		{09D8F411-3D38-F14B-90BD-F12A31B6A5E3}.Release|Any CPU.Build.0 = Release|Any CPU
		{46E8105E-3165-8157-383E-59E6654156AA}.Debug|Any CPU.ActiveCfg = Debug|Any CPU
		{46E8105E-3165-8157-383E-59E6654156AA}.Debug|Any CPU.Build.0 = Debug|Any CPU
		{46E8105E-3165-8157-383E-59E6654156AA}.Release|Any CPU.ActiveCfg = Release|Any CPU
		{46E8105E-3165-8157-383E-59E6654156AA}.Release|Any CPU.Build.0 = Release|Any CPU
		{F7996F56-86CE-7CC9-2E18-0B9B6A755B26}.Debug|Any CPU.ActiveCfg = Debug|Any CPU
		{F7996F56-86CE-7CC9-2E18-0B9B6A755B26}.Debug|Any CPU.Build.0 = Debug|Any CPU
		{F7996F56-86CE-7CC9-2E18-0B9B6A755B26}.Release|Any CPU.ActiveCfg = Release|Any CPU
		{F7996F56-86CE-7CC9-2E18-0B9B6A755B26}.Release|Any CPU.Build.0 = Release|Any CPU
		{71FF22E3-6491-7B94-7004-34ABCE1AC5F6}.Debug|Any CPU.ActiveCfg = Debug|Any CPU
		{71FF22E3-6491-7B94-7004-34ABCE1AC5F6}.Debug|Any CPU.Build.0 = Debug|Any CPU
		{71FF22E3-6491-7B94-7004-34ABCE1AC5F6}.Release|Any CPU.ActiveCfg = Release|Any CPU
		{71FF22E3-6491-7B94-7004-34ABCE1AC5F6}.Release|Any CPU.Build.0 = Release|Any CPU
		{57FA29CC-9026-83EE-F242-EA051DEA7649}.Debug|Any CPU.ActiveCfg = Debug|Any CPU
		{57FA29CC-9026-83EE-F242-EA051DEA7649}.Debug|Any CPU.Build.0 = Debug|Any CPU
		{57FA29CC-9026-83EE-F242-EA051DEA7649}.Release|Any CPU.ActiveCfg = Release|Any CPU
		{57FA29CC-9026-83EE-F242-EA051DEA7649}.Release|Any CPU.Build.0 = Release|Any CPU
		{29A28F5C-31DD-0068-5BB5-61A0CFFA20FA}.Debug|Any CPU.ActiveCfg = Debug|Any CPU
		{29A28F5C-31DD-0068-5BB5-61A0CFFA20FA}.Debug|Any CPU.Build.0 = Debug|Any CPU
		{29A28F5C-31DD-0068-5BB5-61A0CFFA20FA}.Release|Any CPU.ActiveCfg = Release|Any CPU
		{29A28F5C-31DD-0068-5BB5-61A0CFFA20FA}.Release|Any CPU.Build.0 = Release|Any CPU
		{05A5E85F-FD04-4199-F86F-3A6E38B383FB}.Debug|Any CPU.ActiveCfg = Debug|Any CPU
		{05A5E85F-FD04-4199-F86F-3A6E38B383FB}.Debug|Any CPU.Build.0 = Debug|Any CPU
		{05A5E85F-FD04-4199-F86F-3A6E38B383FB}.Release|Any CPU.ActiveCfg = Release|Any CPU
		{05A5E85F-FD04-4199-F86F-3A6E38B383FB}.Release|Any CPU.Build.0 = Release|Any CPU
		{BD7E672F-CA16-08E5-D97A-DAC1835C7D98}.Debug|Any CPU.ActiveCfg = Debug|Any CPU
		{BD7E672F-CA16-08E5-D97A-DAC1835C7D98}.Debug|Any CPU.Build.0 = Debug|Any CPU
		{BD7E672F-CA16-08E5-D97A-DAC1835C7D98}.Release|Any CPU.ActiveCfg = Release|Any CPU
		{BD7E672F-CA16-08E5-D97A-DAC1835C7D98}.Release|Any CPU.Build.0 = Release|Any CPU
		{9A6483C1-A672-B819-848A-6612074FF602}.Debug|Any CPU.ActiveCfg = Debug|Any CPU
		{9A6483C1-A672-B819-848A-6612074FF602}.Debug|Any CPU.Build.0 = Debug|Any CPU
		{9A6483C1-A672-B819-848A-6612074FF602}.Release|Any CPU.ActiveCfg = Release|Any CPU
		{9A6483C1-A672-B819-848A-6612074FF602}.Release|Any CPU.Build.0 = Release|Any CPU
		{04DC55C0-E02E-3069-7322-19B05EB71C21}.Debug|Any CPU.ActiveCfg = Debug|Any CPU
		{04DC55C0-E02E-3069-7322-19B05EB71C21}.Debug|Any CPU.Build.0 = Debug|Any CPU
		{04DC55C0-E02E-3069-7322-19B05EB71C21}.Release|Any CPU.ActiveCfg = Release|Any CPU
		{04DC55C0-E02E-3069-7322-19B05EB71C21}.Release|Any CPU.Build.0 = Release|Any CPU
		{EBE9303E-BBCA-7E74-9C99-30DB3592FFBF}.Debug|Any CPU.ActiveCfg = Debug|Any CPU
		{EBE9303E-BBCA-7E74-9C99-30DB3592FFBF}.Debug|Any CPU.Build.0 = Debug|Any CPU
		{EBE9303E-BBCA-7E74-9C99-30DB3592FFBF}.Release|Any CPU.ActiveCfg = Release|Any CPU
		{EBE9303E-BBCA-7E74-9C99-30DB3592FFBF}.Release|Any CPU.Build.0 = Release|Any CPU
		{D580E15E-BD0A-821F-5D34-45425A34B44A}.Debug|Any CPU.ActiveCfg = Debug|Any CPU
		{D580E15E-BD0A-821F-5D34-45425A34B44A}.Debug|Any CPU.Build.0 = Debug|Any CPU
		{D580E15E-BD0A-821F-5D34-45425A34B44A}.Release|Any CPU.ActiveCfg = Release|Any CPU
		{D580E15E-BD0A-821F-5D34-45425A34B44A}.Release|Any CPU.Build.0 = Release|Any CPU
		{E0701DD8-A95B-E8D7-32D3-2A9F5E63B7C1}.Debug|Any CPU.ActiveCfg = Debug|Any CPU
		{E0701DD8-A95B-E8D7-32D3-2A9F5E63B7C1}.Debug|Any CPU.Build.0 = Debug|Any CPU
		{E0701DD8-A95B-E8D7-32D3-2A9F5E63B7C1}.Release|Any CPU.ActiveCfg = Release|Any CPU
		{E0701DD8-A95B-E8D7-32D3-2A9F5E63B7C1}.Release|Any CPU.Build.0 = Release|Any CPU
		{7DF6097F-86A3-93DA-D6A0-5474DB2F471D}.Debug|Any CPU.ActiveCfg = Debug|Any CPU
		{7DF6097F-86A3-93DA-D6A0-5474DB2F471D}.Debug|Any CPU.Build.0 = Debug|Any CPU
		{7DF6097F-86A3-93DA-D6A0-5474DB2F471D}.Release|Any CPU.ActiveCfg = Release|Any CPU
		{7DF6097F-86A3-93DA-D6A0-5474DB2F471D}.Release|Any CPU.Build.0 = Release|Any CPU
		{1B7EDF60-A4D7-21D6-6511-CFB4286999D1}.Debug|Any CPU.ActiveCfg = Debug|Any CPU
		{1B7EDF60-A4D7-21D6-6511-CFB4286999D1}.Debug|Any CPU.Build.0 = Debug|Any CPU
		{1B7EDF60-A4D7-21D6-6511-CFB4286999D1}.Release|Any CPU.ActiveCfg = Release|Any CPU
		{1B7EDF60-A4D7-21D6-6511-CFB4286999D1}.Release|Any CPU.Build.0 = Release|Any CPU
		{83793330-5AED-C186-5E4B-AAD4BB463469}.Debug|Any CPU.ActiveCfg = Debug|Any CPU
		{83793330-5AED-C186-5E4B-AAD4BB463469}.Debug|Any CPU.Build.0 = Debug|Any CPU
		{83793330-5AED-C186-5E4B-AAD4BB463469}.Release|Any CPU.ActiveCfg = Release|Any CPU
		{83793330-5AED-C186-5E4B-AAD4BB463469}.Release|Any CPU.Build.0 = Release|Any CPU
		{FEB56FE4-5FF4-970D-155C-ECFFC6875FCC}.Debug|Any CPU.ActiveCfg = Debug|Any CPU
		{FEB56FE4-5FF4-970D-155C-ECFFC6875FCC}.Debug|Any CPU.Build.0 = Debug|Any CPU
		{FEB56FE4-5FF4-970D-155C-ECFFC6875FCC}.Release|Any CPU.ActiveCfg = Release|Any CPU
		{FEB56FE4-5FF4-970D-155C-ECFFC6875FCC}.Release|Any CPU.Build.0 = Release|Any CPU
		{0154DC26-C22A-7048-BA39-F7B5E2FC50F5}.Debug|Any CPU.ActiveCfg = Debug|Any CPU
		{0154DC26-C22A-7048-BA39-F7B5E2FC50F5}.Debug|Any CPU.Build.0 = Debug|Any CPU
		{0154DC26-C22A-7048-BA39-F7B5E2FC50F5}.Release|Any CPU.ActiveCfg = Release|Any CPU
		{0154DC26-C22A-7048-BA39-F7B5E2FC50F5}.Release|Any CPU.Build.0 = Release|Any CPU
		{3571782F-61A5-6CFD-55BC-EEDD96A22576}.Debug|Any CPU.ActiveCfg = Debug|Any CPU
		{3571782F-61A5-6CFD-55BC-EEDD96A22576}.Debug|Any CPU.Build.0 = Debug|Any CPU
		{3571782F-61A5-6CFD-55BC-EEDD96A22576}.Release|Any CPU.ActiveCfg = Release|Any CPU
		{3571782F-61A5-6CFD-55BC-EEDD96A22576}.Release|Any CPU.Build.0 = Release|Any CPU
		{7122B491-FD2B-2B59-D391-006CB0AE788B}.Debug|Any CPU.ActiveCfg = Debug|Any CPU
		{7122B491-FD2B-2B59-D391-006CB0AE788B}.Debug|Any CPU.Build.0 = Debug|Any CPU
		{7122B491-FD2B-2B59-D391-006CB0AE788B}.Release|Any CPU.ActiveCfg = Release|Any CPU
		{7122B491-FD2B-2B59-D391-006CB0AE788B}.Release|Any CPU.Build.0 = Release|Any CPU
		{34E5BC30-8AC1-2466-FF5B-892DC2D28E5C}.Debug|Any CPU.ActiveCfg = Debug|Any CPU
		{34E5BC30-8AC1-2466-FF5B-892DC2D28E5C}.Debug|Any CPU.Build.0 = Debug|Any CPU
		{34E5BC30-8AC1-2466-FF5B-892DC2D28E5C}.Release|Any CPU.ActiveCfg = Release|Any CPU
		{34E5BC30-8AC1-2466-FF5B-892DC2D28E5C}.Release|Any CPU.Build.0 = Release|Any CPU
		{A72CC48E-46C1-25C7-DFC0-DDA669184CFD}.Debug|Any CPU.ActiveCfg = Debug|Any CPU
		{A72CC48E-46C1-25C7-DFC0-DDA669184CFD}.Debug|Any CPU.Build.0 = Debug|Any CPU
		{A72CC48E-46C1-25C7-DFC0-DDA669184CFD}.Release|Any CPU.ActiveCfg = Release|Any CPU
		{A72CC48E-46C1-25C7-DFC0-DDA669184CFD}.Release|Any CPU.Build.0 = Release|Any CPU
		{4B0BDAA6-C924-8E53-FBDE-D5791D506220}.Debug|Any CPU.ActiveCfg = Debug|Any CPU
		{4B0BDAA6-C924-8E53-FBDE-D5791D506220}.Debug|Any CPU.Build.0 = Debug|Any CPU
		{4B0BDAA6-C924-8E53-FBDE-D5791D506220}.Release|Any CPU.ActiveCfg = Release|Any CPU
		{4B0BDAA6-C924-8E53-FBDE-D5791D506220}.Release|Any CPU.Build.0 = Release|Any CPU
		{F3C1E0C7-BAE5-6DE0-84AD-9BB24DE559A4}.Debug|Any CPU.ActiveCfg = Debug|Any CPU
		{F3C1E0C7-BAE5-6DE0-84AD-9BB24DE559A4}.Debug|Any CPU.Build.0 = Debug|Any CPU
		{F3C1E0C7-BAE5-6DE0-84AD-9BB24DE559A4}.Release|Any CPU.ActiveCfg = Release|Any CPU
		{F3C1E0C7-BAE5-6DE0-84AD-9BB24DE559A4}.Release|Any CPU.Build.0 = Release|Any CPU
		{049D3356-CD2A-DFB0-C50D-8CFE5B092848}.Debug|Any CPU.ActiveCfg = Debug|Any CPU
		{049D3356-CD2A-DFB0-C50D-8CFE5B092848}.Debug|Any CPU.Build.0 = Debug|Any CPU
		{049D3356-CD2A-DFB0-C50D-8CFE5B092848}.Release|Any CPU.ActiveCfg = Release|Any CPU
		{049D3356-CD2A-DFB0-C50D-8CFE5B092848}.Release|Any CPU.Build.0 = Release|Any CPU
		{F1C2A84E-C233-5868-7BBC-E11630E3C21F}.Debug|Any CPU.ActiveCfg = Debug|Any CPU
		{F1C2A84E-C233-5868-7BBC-E11630E3C21F}.Debug|Any CPU.Build.0 = Debug|Any CPU
		{F1C2A84E-C233-5868-7BBC-E11630E3C21F}.Release|Any CPU.ActiveCfg = Release|Any CPU
		{F1C2A84E-C233-5868-7BBC-E11630E3C21F}.Release|Any CPU.Build.0 = Release|Any CPU
		{5B21ACE1-5E92-EEB2-818D-AF6D6AE9F824}.Debug|Any CPU.ActiveCfg = Debug|Any CPU
		{5B21ACE1-5E92-EEB2-818D-AF6D6AE9F824}.Debug|Any CPU.Build.0 = Debug|Any CPU
		{5B21ACE1-5E92-EEB2-818D-AF6D6AE9F824}.Release|Any CPU.ActiveCfg = Release|Any CPU
		{5B21ACE1-5E92-EEB2-818D-AF6D6AE9F824}.Release|Any CPU.Build.0 = Release|Any CPU
		{562620D8-729C-2F61-DFDD-051DFCEE72CC}.Debug|Any CPU.ActiveCfg = Debug|Any CPU
		{562620D8-729C-2F61-DFDD-051DFCEE72CC}.Debug|Any CPU.Build.0 = Debug|Any CPU
		{562620D8-729C-2F61-DFDD-051DFCEE72CC}.Release|Any CPU.ActiveCfg = Release|Any CPU
		{562620D8-729C-2F61-DFDD-051DFCEE72CC}.Release|Any CPU.Build.0 = Release|Any CPU
		{F882B8AF-FA0D-C1B1-FAFE-62D3C35EECE4}.Debug|Any CPU.ActiveCfg = Debug|Any CPU
		{F882B8AF-FA0D-C1B1-FAFE-62D3C35EECE4}.Debug|Any CPU.Build.0 = Debug|Any CPU
		{F882B8AF-FA0D-C1B1-FAFE-62D3C35EECE4}.Release|Any CPU.ActiveCfg = Release|Any CPU
		{F882B8AF-FA0D-C1B1-FAFE-62D3C35EECE4}.Release|Any CPU.Build.0 = Release|Any CPU
		{27123301-09AF-37AC-2FCA-FF7B2CC75C42}.Debug|Any CPU.ActiveCfg = Debug|Any CPU
		{27123301-09AF-37AC-2FCA-FF7B2CC75C42}.Debug|Any CPU.Build.0 = Debug|Any CPU
		{27123301-09AF-37AC-2FCA-FF7B2CC75C42}.Release|Any CPU.ActiveCfg = Release|Any CPU
		{27123301-09AF-37AC-2FCA-FF7B2CC75C42}.Release|Any CPU.Build.0 = Release|Any CPU
		{0FF6884C-8D4A-7AB7-5D8A-5FBF5FCF8190}.Debug|Any CPU.ActiveCfg = Debug|Any CPU
		{0FF6884C-8D4A-7AB7-5D8A-5FBF5FCF8190}.Debug|Any CPU.Build.0 = Debug|Any CPU
		{0FF6884C-8D4A-7AB7-5D8A-5FBF5FCF8190}.Release|Any CPU.ActiveCfg = Release|Any CPU
		{0FF6884C-8D4A-7AB7-5D8A-5FBF5FCF8190}.Release|Any CPU.Build.0 = Release|Any CPU
		{30FCEB70-5CB0-A807-3111-0C3A7B6A8B73}.Debug|Any CPU.ActiveCfg = Debug|Any CPU
		{30FCEB70-5CB0-A807-3111-0C3A7B6A8B73}.Debug|Any CPU.Build.0 = Debug|Any CPU
		{30FCEB70-5CB0-A807-3111-0C3A7B6A8B73}.Release|Any CPU.ActiveCfg = Release|Any CPU
		{30FCEB70-5CB0-A807-3111-0C3A7B6A8B73}.Release|Any CPU.Build.0 = Release|Any CPU
		{923A307F-F799-7BF1-56BF-F90ABF3B00DE}.Debug|Any CPU.ActiveCfg = Debug|Any CPU
		{923A307F-F799-7BF1-56BF-F90ABF3B00DE}.Debug|Any CPU.Build.0 = Debug|Any CPU
		{923A307F-F799-7BF1-56BF-F90ABF3B00DE}.Release|Any CPU.ActiveCfg = Release|Any CPU
		{923A307F-F799-7BF1-56BF-F90ABF3B00DE}.Release|Any CPU.Build.0 = Release|Any CPU
		{B0F0B624-059E-B121-D0B4-7A021947957C}.Debug|Any CPU.ActiveCfg = Debug|Any CPU
		{B0F0B624-059E-B121-D0B4-7A021947957C}.Debug|Any CPU.Build.0 = Debug|Any CPU
		{B0F0B624-059E-B121-D0B4-7A021947957C}.Release|Any CPU.ActiveCfg = Release|Any CPU
		{B0F0B624-059E-B121-D0B4-7A021947957C}.Release|Any CPU.Build.0 = Release|Any CPU
		{05E3AC32-3145-8FC3-9421-F77AF7BFC47F}.Debug|Any CPU.ActiveCfg = Debug|Any CPU
		{05E3AC32-3145-8FC3-9421-F77AF7BFC47F}.Debug|Any CPU.Build.0 = Debug|Any CPU
		{05E3AC32-3145-8FC3-9421-F77AF7BFC47F}.Release|Any CPU.ActiveCfg = Release|Any CPU
		{05E3AC32-3145-8FC3-9421-F77AF7BFC47F}.Release|Any CPU.Build.0 = Release|Any CPU
		{509040FA-6699-A6FE-9ED5-76B5A7956D8E}.Debug|Any CPU.ActiveCfg = Debug|Any CPU
		{509040FA-6699-A6FE-9ED5-76B5A7956D8E}.Debug|Any CPU.Build.0 = Debug|Any CPU
		{509040FA-6699-A6FE-9ED5-76B5A7956D8E}.Release|Any CPU.ActiveCfg = Release|Any CPU
		{509040FA-6699-A6FE-9ED5-76B5A7956D8E}.Release|Any CPU.Build.0 = Release|Any CPU
		{04895474-C969-6D06-414D-33AF6BBD5578}.Debug|Any CPU.ActiveCfg = Debug|Any CPU
		{04895474-C969-6D06-414D-33AF6BBD5578}.Debug|Any CPU.Build.0 = Debug|Any CPU
		{04895474-C969-6D06-414D-33AF6BBD5578}.Release|Any CPU.ActiveCfg = Release|Any CPU
		{04895474-C969-6D06-414D-33AF6BBD5578}.Release|Any CPU.Build.0 = Release|Any CPU
	EndGlobalSection
	GlobalSection(SolutionProperties) = preSolution
		HideSolutionNode = FALSE
	EndGlobalSection
EndGlobal
