
Microsoft Visual Studio Solution File, Format Version 12.00
# Visual Studio 15
Project("{FAE04EC0-301F-11D3-BF4B-00C04F79EFBC}") = "_UnityPlus.Serialization", "_UnityPlus.Serialization.csproj", "{FED3C19A-E743-9E19-D660-957D0801811E}"
EndProject
Project("{FAE04EC0-301F-11D3-BF4B-00C04F79EFBC}") = "_UnityPlus.UILib", "_UnityPlus.UILib.csproj", "{3A5E96D9-C189-180D-1672-7BEFFDEBCE5F}"
EndProject
Project("{FAE04EC0-301F-11D3-BF4B-00C04F79EFBC}") = "HSP.Construction", "HSP.Construction.csproj", "{EBC6D9CF-7C4D-8C8F-E094-E9D859959A88}"
EndProject
Project("{FAE04EC0-301F-11D3-BF4B-00C04F79EFBC}") = "HSP.Vanilla.Scenes", "HSP.Vanilla.Scenes.csproj", "{5BA07627-23D0-078E-8FD5-791CF795CD60}"
EndProject
Project("{FAE04EC0-301F-11D3-BF4B-00C04F79EFBC}") = "HSP.ControlSystems", "HSP.ControlSystems.csproj", "{5E371463-138D-D25A-49B8-DED13355C7DC}"
EndProject
Project("{FAE04EC0-301F-11D3-BF4B-00C04F79EFBC}") = "HSP.Timelines", "HSP.Timelines.csproj", "{C443A3BB-4D58-3A1D-D085-E8AEA15B2BC0}"
EndProject
Project("{FAE04EC0-301F-11D3-BF4B-00C04F79EFBC}") = "HSP.ViewportTools", "HSP.ViewportTools.csproj", "{86E65C59-E535-B902-539C-629C971164F3}"
EndProject
Project("{FAE04EC0-301F-11D3-BF4B-00C04F79EFBC}") = "HSP.UI.Vessels", "HSP.UI.Vessels.csproj", "{8814F878-154C-0913-7A9D-C492D2124EEC}"
EndProject
Project("{FAE04EC0-301F-11D3-BF4B-00C04F79EFBC}") = "HSP.Vessels", "HSP.Vessels.csproj", "{46E8105E-3165-8157-383E-59E6654156AA}"
EndProject
Project("{FAE04EC0-301F-11D3-BF4B-00C04F79EFBC}") = "HSP", "HSP.csproj", "{5294BE79-15AB-2AAE-E8C3-9E735E001D6D}"
EndProject
Project("{FAE04EC0-301F-11D3-BF4B-00C04F79EFBC}") = "HSP.Tests.PlayMode", "HSP.Tests.PlayMode.csproj", "{F7996F56-86CE-7CC9-2E18-0B9B6A755B26}"
EndProject
Project("{FAE04EC0-301F-11D3-BF4B-00C04F79EFBC}") = "_UnityPlus.Logging", "_UnityPlus.Logging.csproj", "{71FF22E3-6491-7B94-7004-34ABCE1AC5F6}"
EndProject
Project("{FAE04EC0-301F-11D3-BF4B-00C04F79EFBC}") = "HSP.Trajectories", "HSP.Trajectories.csproj", "{57FA29CC-9026-83EE-F242-EA051DEA7649}"
EndProject
Project("{FAE04EC0-301F-11D3-BF4B-00C04F79EFBC}") = "_UnityEngine", "_UnityEngine.csproj", "{29A28F5C-31DD-0068-5BB5-61A0CFFA20FA}"
EndProject
Project("{FAE04EC0-301F-11D3-BF4B-00C04F79EFBC}") = "HSP.UI", "HSP.UI.csproj", "{05A5E85F-FD04-4199-F86F-3A6E38B383FB}"
EndProject
Project("{FAE04EC0-301F-11D3-BF4B-00C04F79EFBC}") = "HSP.UI.ControlSystems", "HSP.UI.ControlSystems.csproj", "{5999E892-1B0F-8640-394E-CB7F52E1C7DB}"
EndProject
Project("{FAE04EC0-301F-11D3-BF4B-00C04F79EFBC}") = "HSP.Time", "HSP.Time.csproj", "{04DC55C0-E02E-3069-7322-19B05EB71C21}"
EndProject
Project("{FAE04EC0-301F-11D3-BF4B-00C04F79EFBC}") = "HSP.Scenes", "HSP.Scenes.csproj", "{0FF6884C-8D4A-7AB7-5D8A-5FBF5FCF8190}"
EndProject
Project("{FAE04EC0-301F-11D3-BF4B-00C04F79EFBC}") = "HSP.DesignSceneTools", "HSP.DesignSceneTools.csproj", "{334946A3-9353-19E8-7F92-16280DC48CDE}"
EndProject
Project("{FAE04EC0-301F-11D3-BF4B-00C04F79EFBC}") = "HSP._DevUtils", "HSP._DevUtils.csproj", "{D580E15E-BD0A-821F-5D34-45425A34B44A}"
EndProject
Project("{FAE04EC0-301F-11D3-BF4B-00C04F79EFBC}") = "HSP.UI.Construction", "HSP.UI.Construction.csproj", "{7A2354F7-3190-0149-AD45-BB05B2FE6A2D}"
EndProject
Project("{FAE04EC0-301F-11D3-BF4B-00C04F79EFBC}") = "_UnityPlus.Input", "_UnityPlus.Input.csproj", "{1B7EDF60-A4D7-21D6-6511-CFB4286999D1}"
EndProject
Project("{FAE04EC0-301F-11D3-BF4B-00C04F79EFBC}") = "HSP.CelestialBodies", "HSP.CelestialBodies.csproj", "{83793330-5AED-C186-5E4B-AAD4BB463469}"
EndProject
Project("{FAE04EC0-301F-11D3-BF4B-00C04F79EFBC}") = "HSP.UI.Timelines", "HSP.UI.Timelines.csproj", "{FC4262CB-7C14-EFCC-2FCE-ECFF13F2C81D}"
EndProject
Project("{FAE04EC0-301F-11D3-BF4B-00C04F79EFBC}") = "HSP.ResourceFlow", "HSP.ResourceFlow.csproj", "{26023575-EB06-DAA2-C7B2-77FFBAED8CB8}"
EndProject
Project("{FAE04EC0-301F-11D3-BF4B-00C04F79EFBC}") = "_UnityPlus.AssetManagement", "_UnityPlus.AssetManagement.csproj", "{7122B491-FD2B-2B59-D391-006CB0AE788B}"
EndProject
Project("{FAE04EC0-301F-11D3-BF4B-00C04F79EFBC}") = "HSP.ScreenCapturing", "HSP.ScreenCapturing.csproj", "{A72CC48E-46C1-25C7-DFC0-DDA669184CFD}"
EndProject
Project("{FAE04EC0-301F-11D3-BF4B-00C04F79EFBC}") = "HSP.UI.Scenes", "HSP.UI.Scenes.csproj", "{BC31D9E8-0D2C-4A35-ECB4-D124B42B0900}"
EndProject
Project("{FAE04EC0-301F-11D3-BF4B-00C04F79EFBC}") = "_UnityPlus.Rendering", "_UnityPlus.Rendering.csproj", "{F3C1E0C7-BAE5-6DE0-84AD-9BB24DE559A4}"
EndProject
Project("{FAE04EC0-301F-11D3-BF4B-00C04F79EFBC}") = "_UnityPlus.OverridableEvents", "_UnityPlus.OverridableEvents.csproj", "{049D3356-CD2A-DFB0-C50D-8CFE5B092848}"
EndProject
Project("{FAE04EC0-301F-11D3-BF4B-00C04F79EFBC}") = "HSP.ReferenceFrames", "HSP.ReferenceFrames.csproj", "{D8846B96-55B1-C32C-F90A-52C14F5C8043}"
EndProject
Project("{FAE04EC0-301F-11D3-BF4B-00C04F79EFBC}") = "HSP.Content", "HSP.Content.csproj", "{642CD5D5-9E37-E1CA-969F-267B97A7FC25}"
EndProject
Project("{FAE04EC0-301F-11D3-BF4B-00C04F79EFBC}") = "HSP.SceneManagement", "HSP.SceneManagement.csproj", "{5B21ACE1-5E92-EEB2-818D-AF6D6AE9F824}"
EndProject
Project("{FAE04EC0-301F-11D3-BF4B-00C04F79EFBC}") = "HSP.Input", "HSP.Input.csproj", "{27123301-09AF-37AC-2FCA-FF7B2CC75C42}"
EndProject
Project("{FAE04EC0-301F-11D3-BF4B-00C04F79EFBC}") = "HSP.Content.Vessels", "HSP.Content.Vessels.csproj", "{4BD8BF7E-0B20-3964-16BE-BCA50A80C566}"
EndProject
Project("{FAE04EC0-301F-11D3-BF4B-00C04F79EFBC}") = "HSP.UI.Time", "HSP.UI.Time.csproj", "{1C87C45B-15A4-009B-A73D-1B7302A450D5}"
EndProject
Project("{FAE04EC0-301F-11D3-BF4B-00C04F79EFBC}") = "HSP.Mods", "HSP.Mods.csproj", "{0154DC26-C22A-7048-BA39-F7B5E2FC50F5}"
EndProject
Project("{FAE04EC0-301F-11D3-BF4B-00C04F79EFBC}") = "HSP.Scenes.CelestialBodies", "HSP.Scenes.CelestialBodies.csproj", "{9650DE7C-0BB5-A513-3460-C4DB246ADB29}"
EndProject
Project("{FAE04EC0-301F-11D3-BF4B-00C04F79EFBC}") = "HSP.UI.ResourceFlow", "HSP.UI.ResourceFlow.csproj", "{0F2E4C83-5E87-9F05-1B20-28D2B2F85C2E}"
EndProject
Project("{FAE04EC0-301F-11D3-BF4B-00C04F79EFBC}") = "_UnityPlus", "_UnityPlus.csproj", "{49D4BC99-1C12-776F-CC5E-D6CE66E348FE}"
EndProject
Project("{FAE04EC0-301F-11D3-BF4B-00C04F79EFBC}") = "_UnityPlus.OverridableValueProviders", "_UnityPlus.OverridableValueProviders.csproj", "{2FD51314-7711-BD56-25C5-0C8F36A30A82}"
EndProject
Project("{FAE04EC0-301F-11D3-BF4B-00C04F79EFBC}") = "HSP.Tests.EditMode", "HSP.Tests.EditMode.csproj", "{04895474-C969-6D06-414D-33AF6BBD5578}"
EndProject
Global
	GlobalSection(SolutionConfigurationPlatforms) = preSolution
		Debug|Any CPU = Debug|Any CPU
		Release|Any CPU = Release|Any CPU
	EndGlobalSection
	GlobalSection(ProjectConfigurationPlatforms) = postSolution
		{FED3C19A-E743-9E19-D660-957D0801811E}.Debug|Any CPU.ActiveCfg = Debug|Any CPU
		{FED3C19A-E743-9E19-D660-957D0801811E}.Debug|Any CPU.Build.0 = Debug|Any CPU
		{FED3C19A-E743-9E19-D660-957D0801811E}.Release|Any CPU.ActiveCfg = Release|Any CPU
		{FED3C19A-E743-9E19-D660-957D0801811E}.Release|Any CPU.Build.0 = Release|Any CPU
		{3A5E96D9-C189-180D-1672-7BEFFDEBCE5F}.Debug|Any CPU.ActiveCfg = Debug|Any CPU
		{3A5E96D9-C189-180D-1672-7BEFFDEBCE5F}.Debug|Any CPU.Build.0 = Debug|Any CPU
		{3A5E96D9-C189-180D-1672-7BEFFDEBCE5F}.Release|Any CPU.ActiveCfg = Release|Any CPU
		{3A5E96D9-C189-180D-1672-7BEFFDEBCE5F}.Release|Any CPU.Build.0 = Release|Any CPU
		{EBC6D9CF-7C4D-8C8F-E094-E9D859959A88}.Debug|Any CPU.ActiveCfg = Debug|Any CPU
		{EBC6D9CF-7C4D-8C8F-E094-E9D859959A88}.Debug|Any CPU.Build.0 = Debug|Any CPU
		{EBC6D9CF-7C4D-8C8F-E094-E9D859959A88}.Release|Any CPU.ActiveCfg = Release|Any CPU
		{EBC6D9CF-7C4D-8C8F-E094-E9D859959A88}.Release|Any CPU.Build.0 = Release|Any CPU
		{5BA07627-23D0-078E-8FD5-791CF795CD60}.Debug|Any CPU.ActiveCfg = Debug|Any CPU
		{5BA07627-23D0-078E-8FD5-791CF795CD60}.Debug|Any CPU.Build.0 = Debug|Any CPU
		{5BA07627-23D0-078E-8FD5-791CF795CD60}.Release|Any CPU.ActiveCfg = Release|Any CPU
		{5BA07627-23D0-078E-8FD5-791CF795CD60}.Release|Any CPU.Build.0 = Release|Any CPU
		{5E371463-138D-D25A-49B8-DED13355C7DC}.Debug|Any CPU.ActiveCfg = Debug|Any CPU
		{5E371463-138D-D25A-49B8-DED13355C7DC}.Debug|Any CPU.Build.0 = Debug|Any CPU
		{5E371463-138D-D25A-49B8-DED13355C7DC}.Release|Any CPU.ActiveCfg = Release|Any CPU
		{5E371463-138D-D25A-49B8-DED13355C7DC}.Release|Any CPU.Build.0 = Release|Any CPU
		{C443A3BB-4D58-3A1D-D085-E8AEA15B2BC0}.Debug|Any CPU.ActiveCfg = Debug|Any CPU
		{C443A3BB-4D58-3A1D-D085-E8AEA15B2BC0}.Debug|Any CPU.Build.0 = Debug|Any CPU
		{C443A3BB-4D58-3A1D-D085-E8AEA15B2BC0}.Release|Any CPU.ActiveCfg = Release|Any CPU
		{C443A3BB-4D58-3A1D-D085-E8AEA15B2BC0}.Release|Any CPU.Build.0 = Release|Any CPU
		{86E65C59-E535-B902-539C-629C971164F3}.Debug|Any CPU.ActiveCfg = Debug|Any CPU
		{86E65C59-E535-B902-539C-629C971164F3}.Debug|Any CPU.Build.0 = Debug|Any CPU
		{86E65C59-E535-B902-539C-629C971164F3}.Release|Any CPU.ActiveCfg = Release|Any CPU
		{86E65C59-E535-B902-539C-629C971164F3}.Release|Any CPU.Build.0 = Release|Any CPU
		{8814F878-154C-0913-7A9D-C492D2124EEC}.Debug|Any CPU.ActiveCfg = Debug|Any CPU
		{8814F878-154C-0913-7A9D-C492D2124EEC}.Debug|Any CPU.Build.0 = Debug|Any CPU
		{8814F878-154C-0913-7A9D-C492D2124EEC}.Release|Any CPU.ActiveCfg = Release|Any CPU
		{8814F878-154C-0913-7A9D-C492D2124EEC}.Release|Any CPU.Build.0 = Release|Any CPU
		{46E8105E-3165-8157-383E-59E6654156AA}.Debug|Any CPU.ActiveCfg = Debug|Any CPU
		{46E8105E-3165-8157-383E-59E6654156AA}.Debug|Any CPU.Build.0 = Debug|Any CPU
		{46E8105E-3165-8157-383E-59E6654156AA}.Release|Any CPU.ActiveCfg = Release|Any CPU
		{46E8105E-3165-8157-383E-59E6654156AA}.Release|Any CPU.Build.0 = Release|Any CPU
		{5294BE79-15AB-2AAE-E8C3-9E735E001D6D}.Debug|Any CPU.ActiveCfg = Debug|Any CPU
		{5294BE79-15AB-2AAE-E8C3-9E735E001D6D}.Debug|Any CPU.Build.0 = Debug|Any CPU
		{5294BE79-15AB-2AAE-E8C3-9E735E001D6D}.Release|Any CPU.ActiveCfg = Release|Any CPU
		{5294BE79-15AB-2AAE-E8C3-9E735E001D6D}.Release|Any CPU.Build.0 = Release|Any CPU
		{F7996F56-86CE-7CC9-2E18-0B9B6A755B26}.Debug|Any CPU.ActiveCfg = Debug|Any CPU
		{F7996F56-86CE-7CC9-2E18-0B9B6A755B26}.Debug|Any CPU.Build.0 = Debug|Any CPU
		{F7996F56-86CE-7CC9-2E18-0B9B6A755B26}.Release|Any CPU.ActiveCfg = Release|Any CPU
		{F7996F56-86CE-7CC9-2E18-0B9B6A755B26}.Release|Any CPU.Build.0 = Release|Any CPU
		{71FF22E3-6491-7B94-7004-34ABCE1AC5F6}.Debug|Any CPU.ActiveCfg = Debug|Any CPU
		{71FF22E3-6491-7B94-7004-34ABCE1AC5F6}.Debug|Any CPU.Build.0 = Debug|Any CPU
		{71FF22E3-6491-7B94-7004-34ABCE1AC5F6}.Release|Any CPU.ActiveCfg = Release|Any CPU
		{71FF22E3-6491-7B94-7004-34ABCE1AC5F6}.Release|Any CPU.Build.0 = Release|Any CPU
		{57FA29CC-9026-83EE-F242-EA051DEA7649}.Debug|Any CPU.ActiveCfg = Debug|Any CPU
		{57FA29CC-9026-83EE-F242-EA051DEA7649}.Debug|Any CPU.Build.0 = Debug|Any CPU
		{57FA29CC-9026-83EE-F242-EA051DEA7649}.Release|Any CPU.ActiveCfg = Release|Any CPU
		{57FA29CC-9026-83EE-F242-EA051DEA7649}.Release|Any CPU.Build.0 = Release|Any CPU
		{29A28F5C-31DD-0068-5BB5-61A0CFFA20FA}.Debug|Any CPU.ActiveCfg = Debug|Any CPU
		{29A28F5C-31DD-0068-5BB5-61A0CFFA20FA}.Debug|Any CPU.Build.0 = Debug|Any CPU
		{29A28F5C-31DD-0068-5BB5-61A0CFFA20FA}.Release|Any CPU.ActiveCfg = Release|Any CPU
		{29A28F5C-31DD-0068-5BB5-61A0CFFA20FA}.Release|Any CPU.Build.0 = Release|Any CPU
		{05A5E85F-FD04-4199-F86F-3A6E38B383FB}.Debug|Any CPU.ActiveCfg = Debug|Any CPU
		{05A5E85F-FD04-4199-F86F-3A6E38B383FB}.Debug|Any CPU.Build.0 = Debug|Any CPU
		{05A5E85F-FD04-4199-F86F-3A6E38B383FB}.Release|Any CPU.ActiveCfg = Release|Any CPU
		{05A5E85F-FD04-4199-F86F-3A6E38B383FB}.Release|Any CPU.Build.0 = Release|Any CPU
		{5999E892-1B0F-8640-394E-CB7F52E1C7DB}.Debug|Any CPU.ActiveCfg = Debug|Any CPU
		{5999E892-1B0F-8640-394E-CB7F52E1C7DB}.Debug|Any CPU.Build.0 = Debug|Any CPU
		{5999E892-1B0F-8640-394E-CB7F52E1C7DB}.Release|Any CPU.ActiveCfg = Release|Any CPU
		{5999E892-1B0F-8640-394E-CB7F52E1C7DB}.Release|Any CPU.Build.0 = Release|Any CPU
		{04DC55C0-E02E-3069-7322-19B05EB71C21}.Debug|Any CPU.ActiveCfg = Debug|Any CPU
		{04DC55C0-E02E-3069-7322-19B05EB71C21}.Debug|Any CPU.Build.0 = Debug|Any CPU
		{04DC55C0-E02E-3069-7322-19B05EB71C21}.Release|Any CPU.ActiveCfg = Release|Any CPU
		{04DC55C0-E02E-3069-7322-19B05EB71C21}.Release|Any CPU.Build.0 = Release|Any CPU
		{0FF6884C-8D4A-7AB7-5D8A-5FBF5FCF8190}.Debug|Any CPU.ActiveCfg = Debug|Any CPU
		{0FF6884C-8D4A-7AB7-5D8A-5FBF5FCF8190}.Debug|Any CPU.Build.0 = Debug|Any CPU
		{0FF6884C-8D4A-7AB7-5D8A-5FBF5FCF8190}.Release|Any CPU.ActiveCfg = Release|Any CPU
		{0FF6884C-8D4A-7AB7-5D8A-5FBF5FCF8190}.Release|Any CPU.Build.0 = Release|Any CPU
		{334946A3-9353-19E8-7F92-16280DC48CDE}.Debug|Any CPU.ActiveCfg = Debug|Any CPU
		{334946A3-9353-19E8-7F92-16280DC48CDE}.Debug|Any CPU.Build.0 = Debug|Any CPU
		{334946A3-9353-19E8-7F92-16280DC48CDE}.Release|Any CPU.ActiveCfg = Release|Any CPU
		{334946A3-9353-19E8-7F92-16280DC48CDE}.Release|Any CPU.Build.0 = Release|Any CPU
		{D580E15E-BD0A-821F-5D34-45425A34B44A}.Debug|Any CPU.ActiveCfg = Debug|Any CPU
		{D580E15E-BD0A-821F-5D34-45425A34B44A}.Debug|Any CPU.Build.0 = Debug|Any CPU
		{D580E15E-BD0A-821F-5D34-45425A34B44A}.Release|Any CPU.ActiveCfg = Release|Any CPU
		{D580E15E-BD0A-821F-5D34-45425A34B44A}.Release|Any CPU.Build.0 = Release|Any CPU
		{7A2354F7-3190-0149-AD45-BB05B2FE6A2D}.Debug|Any CPU.ActiveCfg = Debug|Any CPU
		{7A2354F7-3190-0149-AD45-BB05B2FE6A2D}.Debug|Any CPU.Build.0 = Debug|Any CPU
		{7A2354F7-3190-0149-AD45-BB05B2FE6A2D}.Release|Any CPU.ActiveCfg = Release|Any CPU
		{7A2354F7-3190-0149-AD45-BB05B2FE6A2D}.Release|Any CPU.Build.0 = Release|Any CPU
		{1B7EDF60-A4D7-21D6-6511-CFB4286999D1}.Debug|Any CPU.ActiveCfg = Debug|Any CPU
		{1B7EDF60-A4D7-21D6-6511-CFB4286999D1}.Debug|Any CPU.Build.0 = Debug|Any CPU
		{1B7EDF60-A4D7-21D6-6511-CFB4286999D1}.Release|Any CPU.ActiveCfg = Release|Any CPU
		{1B7EDF60-A4D7-21D6-6511-CFB4286999D1}.Release|Any CPU.Build.0 = Release|Any CPU
		{83793330-5AED-C186-5E4B-AAD4BB463469}.Debug|Any CPU.ActiveCfg = Debug|Any CPU
		{83793330-5AED-C186-5E4B-AAD4BB463469}.Debug|Any CPU.Build.0 = Debug|Any CPU
		{83793330-5AED-C186-5E4B-AAD4BB463469}.Release|Any CPU.ActiveCfg = Release|Any CPU
		{83793330-5AED-C186-5E4B-AAD4BB463469}.Release|Any CPU.Build.0 = Release|Any CPU
		{FC4262CB-7C14-EFCC-2FCE-ECFF13F2C81D}.Debug|Any CPU.ActiveCfg = Debug|Any CPU
		{FC4262CB-7C14-EFCC-2FCE-ECFF13F2C81D}.Debug|Any CPU.Build.0 = Debug|Any CPU
		{FC4262CB-7C14-EFCC-2FCE-ECFF13F2C81D}.Release|Any CPU.ActiveCfg = Release|Any CPU
		{FC4262CB-7C14-EFCC-2FCE-ECFF13F2C81D}.Release|Any CPU.Build.0 = Release|Any CPU
		{26023575-EB06-DAA2-C7B2-77FFBAED8CB8}.Debug|Any CPU.ActiveCfg = Debug|Any CPU
		{26023575-EB06-DAA2-C7B2-77FFBAED8CB8}.Debug|Any CPU.Build.0 = Debug|Any CPU
		{26023575-EB06-DAA2-C7B2-77FFBAED8CB8}.Release|Any CPU.ActiveCfg = Release|Any CPU
		{26023575-EB06-DAA2-C7B2-77FFBAED8CB8}.Release|Any CPU.Build.0 = Release|Any CPU
		{7122B491-FD2B-2B59-D391-006CB0AE788B}.Debug|Any CPU.ActiveCfg = Debug|Any CPU
		{7122B491-FD2B-2B59-D391-006CB0AE788B}.Debug|Any CPU.Build.0 = Debug|Any CPU
		{7122B491-FD2B-2B59-D391-006CB0AE788B}.Release|Any CPU.ActiveCfg = Release|Any CPU
		{7122B491-FD2B-2B59-D391-006CB0AE788B}.Release|Any CPU.Build.0 = Release|Any CPU
		{A72CC48E-46C1-25C7-DFC0-DDA669184CFD}.Debug|Any CPU.ActiveCfg = Debug|Any CPU
		{A72CC48E-46C1-25C7-DFC0-DDA669184CFD}.Debug|Any CPU.Build.0 = Debug|Any CPU
		{A72CC48E-46C1-25C7-DFC0-DDA669184CFD}.Release|Any CPU.ActiveCfg = Release|Any CPU
		{A72CC48E-46C1-25C7-DFC0-DDA669184CFD}.Release|Any CPU.Build.0 = Release|Any CPU
		{BC31D9E8-0D2C-4A35-ECB4-D124B42B0900}.Debug|Any CPU.ActiveCfg = Debug|Any CPU
		{BC31D9E8-0D2C-4A35-ECB4-D124B42B0900}.Debug|Any CPU.Build.0 = Debug|Any CPU
		{BC31D9E8-0D2C-4A35-ECB4-D124B42B0900}.Release|Any CPU.ActiveCfg = Release|Any CPU
		{BC31D9E8-0D2C-4A35-ECB4-D124B42B0900}.Release|Any CPU.Build.0 = Release|Any CPU
		{F3C1E0C7-BAE5-6DE0-84AD-9BB24DE559A4}.Debug|Any CPU.ActiveCfg = Debug|Any CPU
		{F3C1E0C7-BAE5-6DE0-84AD-9BB24DE559A4}.Debug|Any CPU.Build.0 = Debug|Any CPU
		{F3C1E0C7-BAE5-6DE0-84AD-9BB24DE559A4}.Release|Any CPU.ActiveCfg = Release|Any CPU
		{F3C1E0C7-BAE5-6DE0-84AD-9BB24DE559A4}.Release|Any CPU.Build.0 = Release|Any CPU
		{049D3356-CD2A-DFB0-C50D-8CFE5B092848}.Debug|Any CPU.ActiveCfg = Debug|Any CPU
		{049D3356-CD2A-DFB0-C50D-8CFE5B092848}.Debug|Any CPU.Build.0 = Debug|Any CPU
		{049D3356-CD2A-DFB0-C50D-8CFE5B092848}.Release|Any CPU.ActiveCfg = Release|Any CPU
		{049D3356-CD2A-DFB0-C50D-8CFE5B092848}.Release|Any CPU.Build.0 = Release|Any CPU
		{D8846B96-55B1-C32C-F90A-52C14F5C8043}.Debug|Any CPU.ActiveCfg = Debug|Any CPU
		{D8846B96-55B1-C32C-F90A-52C14F5C8043}.Debug|Any CPU.Build.0 = Debug|Any CPU
		{D8846B96-55B1-C32C-F90A-52C14F5C8043}.Release|Any CPU.ActiveCfg = Release|Any CPU
		{D8846B96-55B1-C32C-F90A-52C14F5C8043}.Release|Any CPU.Build.0 = Release|Any CPU
		{642CD5D5-9E37-E1CA-969F-267B97A7FC25}.Debug|Any CPU.ActiveCfg = Debug|Any CPU
		{642CD5D5-9E37-E1CA-969F-267B97A7FC25}.Debug|Any CPU.Build.0 = Debug|Any CPU
		{642CD5D5-9E37-E1CA-969F-267B97A7FC25}.Release|Any CPU.ActiveCfg = Release|Any CPU
		{642CD5D5-9E37-E1CA-969F-267B97A7FC25}.Release|Any CPU.Build.0 = Release|Any CPU
		{5B21ACE1-5E92-EEB2-818D-AF6D6AE9F824}.Debug|Any CPU.ActiveCfg = Debug|Any CPU
		{5B21ACE1-5E92-EEB2-818D-AF6D6AE9F824}.Debug|Any CPU.Build.0 = Debug|Any CPU
		{5B21ACE1-5E92-EEB2-818D-AF6D6AE9F824}.Release|Any CPU.ActiveCfg = Release|Any CPU
		{5B21ACE1-5E92-EEB2-818D-AF6D6AE9F824}.Release|Any CPU.Build.0 = Release|Any CPU
		{27123301-09AF-37AC-2FCA-FF7B2CC75C42}.Debug|Any CPU.ActiveCfg = Debug|Any CPU
		{27123301-09AF-37AC-2FCA-FF7B2CC75C42}.Debug|Any CPU.Build.0 = Debug|Any CPU
		{27123301-09AF-37AC-2FCA-FF7B2CC75C42}.Release|Any CPU.ActiveCfg = Release|Any CPU
		{27123301-09AF-37AC-2FCA-FF7B2CC75C42}.Release|Any CPU.Build.0 = Release|Any CPU
		{4BD8BF7E-0B20-3964-16BE-BCA50A80C566}.Debug|Any CPU.ActiveCfg = Debug|Any CPU
		{4BD8BF7E-0B20-3964-16BE-BCA50A80C566}.Debug|Any CPU.Build.0 = Debug|Any CPU
		{4BD8BF7E-0B20-3964-16BE-BCA50A80C566}.Release|Any CPU.ActiveCfg = Release|Any CPU
		{4BD8BF7E-0B20-3964-16BE-BCA50A80C566}.Release|Any CPU.Build.0 = Release|Any CPU
		{1C87C45B-15A4-009B-A73D-1B7302A450D5}.Debug|Any CPU.ActiveCfg = Debug|Any CPU
		{1C87C45B-15A4-009B-A73D-1B7302A450D5}.Debug|Any CPU.Build.0 = Debug|Any CPU
		{1C87C45B-15A4-009B-A73D-1B7302A450D5}.Release|Any CPU.ActiveCfg = Release|Any CPU
		{1C87C45B-15A4-009B-A73D-1B7302A450D5}.Release|Any CPU.Build.0 = Release|Any CPU
		{0154DC26-C22A-7048-BA39-F7B5E2FC50F5}.Debug|Any CPU.ActiveCfg = Debug|Any CPU
		{0154DC26-C22A-7048-BA39-F7B5E2FC50F5}.Debug|Any CPU.Build.0 = Debug|Any CPU
		{0154DC26-C22A-7048-BA39-F7B5E2FC50F5}.Release|Any CPU.ActiveCfg = Release|Any CPU
		{0154DC26-C22A-7048-BA39-F7B5E2FC50F5}.Release|Any CPU.Build.0 = Release|Any CPU
		{9650DE7C-0BB5-A513-3460-C4DB246ADB29}.Debug|Any CPU.ActiveCfg = Debug|Any CPU
		{9650DE7C-0BB5-A513-3460-C4DB246ADB29}.Debug|Any CPU.Build.0 = Debug|Any CPU
		{9650DE7C-0BB5-A513-3460-C4DB246ADB29}.Release|Any CPU.ActiveCfg = Release|Any CPU
		{9650DE7C-0BB5-A513-3460-C4DB246ADB29}.Release|Any CPU.Build.0 = Release|Any CPU
		{0F2E4C83-5E87-9F05-1B20-28D2B2F85C2E}.Debug|Any CPU.ActiveCfg = Debug|Any CPU
		{0F2E4C83-5E87-9F05-1B20-28D2B2F85C2E}.Debug|Any CPU.Build.0 = Debug|Any CPU
		{0F2E4C83-5E87-9F05-1B20-28D2B2F85C2E}.Release|Any CPU.ActiveCfg = Release|Any CPU
		{0F2E4C83-5E87-9F05-1B20-28D2B2F85C2E}.Release|Any CPU.Build.0 = Release|Any CPU
		{49D4BC99-1C12-776F-CC5E-D6CE66E348FE}.Debug|Any CPU.ActiveCfg = Debug|Any CPU
		{49D4BC99-1C12-776F-CC5E-D6CE66E348FE}.Debug|Any CPU.Build.0 = Debug|Any CPU
		{49D4BC99-1C12-776F-CC5E-D6CE66E348FE}.Release|Any CPU.ActiveCfg = Release|Any CPU
		{49D4BC99-1C12-776F-CC5E-D6CE66E348FE}.Release|Any CPU.Build.0 = Release|Any CPU
		{2FD51314-7711-BD56-25C5-0C8F36A30A82}.Debug|Any CPU.ActiveCfg = Debug|Any CPU
		{2FD51314-7711-BD56-25C5-0C8F36A30A82}.Debug|Any CPU.Build.0 = Debug|Any CPU
		{2FD51314-7711-BD56-25C5-0C8F36A30A82}.Release|Any CPU.ActiveCfg = Release|Any CPU
		{2FD51314-7711-BD56-25C5-0C8F36A30A82}.Release|Any CPU.Build.0 = Release|Any CPU
		{04895474-C969-6D06-414D-33AF6BBD5578}.Debug|Any CPU.ActiveCfg = Debug|Any CPU
		{04895474-C969-6D06-414D-33AF6BBD5578}.Debug|Any CPU.Build.0 = Debug|Any CPU
		{04895474-C969-6D06-414D-33AF6BBD5578}.Release|Any CPU.ActiveCfg = Release|Any CPU
		{04895474-C969-6D06-414D-33AF6BBD5578}.Release|Any CPU.Build.0 = Release|Any CPU
	EndGlobalSection
	GlobalSection(SolutionProperties) = preSolution
		HideSolutionNode = FALSE
	EndGlobalSection
EndGlobal
