
Microsoft Visual Studio Solution File, Format Version 12.00
# Visual Studio 15
Project("{FAE04EC0-301F-11D3-BF4B-00C04F79EFBC}") = "_UnityEngine", "_UnityEngine.csproj", "{AA320F23-E273-CF3D-ECC5-E3B3EE38E655}"
EndProject
Project("{FAE04EC0-301F-11D3-BF4B-00C04F79EFBC}") = "KSS.Core", "KSS.Core.csproj", "{C615911B-EF2A-D5E1-1CFB-5D278FA273D2}"
EndProject
Project("{FAE04EC0-301F-11D3-BF4B-00C04F79EFBC}") = "KSS", "KSS.csproj", "{6A093499-3B7A-71F2-8793-20E600CE8610}"
EndProject
Project("{FAE04EC0-301F-11D3-BF4B-00C04F79EFBC}") = "KSS.UI", "KSS.UI.csproj", "{43C42401-C6C3-28EB-5BC7-32F0B5CC16C2}"
EndProject
Project("{FAE04EC0-301F-11D3-BF4B-00C04F79EFBC}") = "UILib", "UILib.csproj", "{70FA2AF0-1725-15E3-F4B5-4083D9252BF4}"
EndProject
Project("{FAE04EC0-301F-11D3-BF4B-00C04F79EFBC}") = "KSS.DevUtils", "KSS.DevUtils.csproj", "{D7208026-3029-DD39-0449-2AD64786FAF4}"
EndProject
Project("{FAE04EC0-301F-11D3-BF4B-00C04F79EFBC}") = "KSS.Tests.PlayMode", "KSS.Tests.PlayMode.csproj", "{454E0C8A-2709-D62E-8923-9DB187FD6F18}"
EndProject
Project("{FAE04EC0-301F-11D3-BF4B-00C04F79EFBC}") = "KSS.Tests.EditMode", "KSS.Tests.EditMode.csproj", "{D57C8367-AA36-41CA-D49A-13CF58F29559}"
EndProject
Global
	GlobalSection(SolutionConfigurationPlatforms) = preSolution
		Debug|Any CPU = Debug|Any CPU
		Release|Any CPU = Release|Any CPU
	EndGlobalSection
	GlobalSection(ProjectConfigurationPlatforms) = postSolution
		{AA320F23-E273-CF3D-ECC5-E3B3EE38E655}.Debug|Any CPU.ActiveCfg = Debug|Any CPU
		{AA320F23-E273-CF3D-ECC5-E3B3EE38E655}.Debug|Any CPU.Build.0 = Debug|Any CPU
		{AA320F23-E273-CF3D-ECC5-E3B3EE38E655}.Release|Any CPU.ActiveCfg = Release|Any CPU
		{AA320F23-E273-CF3D-ECC5-E3B3EE38E655}.Release|Any CPU.Build.0 = Release|Any CPU
		{C615911B-EF2A-D5E1-1CFB-5D278FA273D2}.Debug|Any CPU.ActiveCfg = Debug|Any CPU
		{C615911B-EF2A-D5E1-1CFB-5D278FA273D2}.Debug|Any CPU.Build.0 = Debug|Any CPU
		{C615911B-EF2A-D5E1-1CFB-5D278FA273D2}.Release|Any CPU.ActiveCfg = Release|Any CPU
		{C615911B-EF2A-D5E1-1CFB-5D278FA273D2}.Release|Any CPU.Build.0 = Release|Any CPU
		{6A093499-3B7A-71F2-8793-20E600CE8610}.Debug|Any CPU.ActiveCfg = Debug|Any CPU
		{6A093499-3B7A-71F2-8793-20E600CE8610}.Debug|Any CPU.Build.0 = Debug|Any CPU
		{6A093499-3B7A-71F2-8793-20E600CE8610}.Release|Any CPU.ActiveCfg = Release|Any CPU
		{6A093499-3B7A-71F2-8793-20E600CE8610}.Release|Any CPU.Build.0 = Release|Any CPU
		{43C42401-C6C3-28EB-5BC7-32F0B5CC16C2}.Debug|Any CPU.ActiveCfg = Debug|Any CPU
		{43C42401-C6C3-28EB-5BC7-32F0B5CC16C2}.Debug|Any CPU.Build.0 = Debug|Any CPU
		{43C42401-C6C3-28EB-5BC7-32F0B5CC16C2}.Release|Any CPU.ActiveCfg = Release|Any CPU
		{43C42401-C6C3-28EB-5BC7-32F0B5CC16C2}.Release|Any CPU.Build.0 = Release|Any CPU
		{70FA2AF0-1725-15E3-F4B5-4083D9252BF4}.Debug|Any CPU.ActiveCfg = Debug|Any CPU
		{70FA2AF0-1725-15E3-F4B5-4083D9252BF4}.Debug|Any CPU.Build.0 = Debug|Any CPU
		{70FA2AF0-1725-15E3-F4B5-4083D9252BF4}.Release|Any CPU.ActiveCfg = Release|Any CPU
		{70FA2AF0-1725-15E3-F4B5-4083D9252BF4}.Release|Any CPU.Build.0 = Release|Any CPU
		{D7208026-3029-DD39-0449-2AD64786FAF4}.Debug|Any CPU.ActiveCfg = Debug|Any CPU
		{D7208026-3029-DD39-0449-2AD64786FAF4}.Debug|Any CPU.Build.0 = Debug|Any CPU
		{D7208026-3029-DD39-0449-2AD64786FAF4}.Release|Any CPU.ActiveCfg = Release|Any CPU
		{D7208026-3029-DD39-0449-2AD64786FAF4}.Release|Any CPU.Build.0 = Release|Any CPU
		{454E0C8A-2709-D62E-8923-9DB187FD6F18}.Debug|Any CPU.ActiveCfg = Debug|Any CPU
		{454E0C8A-2709-D62E-8923-9DB187FD6F18}.Debug|Any CPU.Build.0 = Debug|Any CPU
		{454E0C8A-2709-D62E-8923-9DB187FD6F18}.Release|Any CPU.ActiveCfg = Release|Any CPU
		{454E0C8A-2709-D62E-8923-9DB187FD6F18}.Release|Any CPU.Build.0 = Release|Any CPU
		{D57C8367-AA36-41CA-D49A-13CF58F29559}.Debug|Any CPU.ActiveCfg = Debug|Any CPU
		{D57C8367-AA36-41CA-D49A-13CF58F29559}.Debug|Any CPU.Build.0 = Debug|Any CPU
		{D57C8367-AA36-41CA-D49A-13CF58F29559}.Release|Any CPU.ActiveCfg = Release|Any CPU
		{D57C8367-AA36-41CA-D49A-13CF58F29559}.Release|Any CPU.Build.0 = Release|Any CPU
	EndGlobalSection
	GlobalSection(SolutionProperties) = preSolution
		HideSolutionNode = FALSE
	EndGlobalSection
EndGlobal
