
Microsoft Visual Studio Solution File, Format Version 12.00
# Visual Studio 15
Project("{FAE04EC0-301F-11D3-BF4B-00C04F79EFBC}") = "_UnityPlus.Serialization", "_UnityPlus.Serialization.csproj", "{53A4B44D-C587-1ED0-C944-834EA89508FD}"
EndProject
Project("{FAE04EC0-301F-11D3-BF4B-00C04F79EFBC}") = "KSS", "KSS.csproj", "{6A093499-3B7A-71F2-8793-20E600CE8610}"
EndProject
Project("{FAE04EC0-301F-11D3-BF4B-00C04F79EFBC}") = "KSS.Core", "KSS.Core.csproj", "{C615911B-EF2A-D5E1-1CFB-5D278FA273D2}"
EndProject
Project("{FAE04EC0-301F-11D3-BF4B-00C04F79EFBC}") = "_UnityPlus.AssetManagement", "_UnityPlus.AssetManagement.csproj", "{1082B390-7315-9D8E-BF58-53BE9AF2F68A}"
EndProject
Project("{FAE04EC0-301F-11D3-BF4B-00C04F79EFBC}") = "_UnityPlus.Rendering", "_UnityPlus.Rendering.csproj", "{B125B7BC-A321-D392-2929-42AA482B2263}"
EndProject
Project("{FAE04EC0-301F-11D3-BF4B-00C04F79EFBC}") = "_UnityEngine", "_UnityEngine.csproj", "{AA320F23-E273-CF3D-ECC5-E3B3EE38E655}"
EndProject
Project("{FAE04EC0-301F-11D3-BF4B-00C04F79EFBC}") = "_UnityPlus.OverridableEvents", "_UnityPlus.OverridableEvents.csproj", "{D26EF55E-D30C-518A-2340-C096B47A9C02}"
EndProject
Project("{FAE04EC0-301F-11D3-BF4B-00C04F79EFBC}") = "_UnityPlus.UILib", "_UnityPlus.UILib.csproj", "{50861573-23A3-BCBD-DFDB-2A1CFB929A2F}"
EndProject
Project("{FAE04EC0-301F-11D3-BF4B-00C04F79EFBC}") = "KSS.DevUtils", "KSS.DevUtils.csproj", "{D7208026-3029-DD39-0449-2AD64786FAF4}"
EndProject
Project("{FAE04EC0-301F-11D3-BF4B-00C04F79EFBC}") = "KSS.UI", "KSS.UI.csproj", "{43C42401-C6C3-28EB-5BC7-32F0B5CC16C2}"
EndProject
Project("{FAE04EC0-301F-11D3-BF4B-00C04F79EFBC}") = "KSS.Tests.PlayMode", "KSS.Tests.PlayMode.csproj", "{454E0C8A-2709-D62E-8923-9DB187FD6F18}"
EndProject
Project("{FAE04EC0-301F-11D3-BF4B-00C04F79EFBC}") = "KSS.Tests.EditMode", "KSS.Tests.EditMode.csproj", "{D57C8367-AA36-41CA-D49A-13CF58F29559}"
EndProject
Project("{FAE04EC0-301F-11D3-BF4B-00C04F79EFBC}") = "TestMod", "..\TestMod\TestMod.csproj", "{83E4562F-D459-4DF4-8266-55A07D25B56B}"
EndProject
Global
	GlobalSection(SolutionConfigurationPlatforms) = preSolution
		Debug|Any CPU = Debug|Any CPU
		Release|Any CPU = Release|Any CPU
	EndGlobalSection
	GlobalSection(ProjectConfigurationPlatforms) = postSolution
		{53A4B44D-C587-1ED0-C944-834EA89508FD}.Debug|Any CPU.ActiveCfg = Debug|Any CPU
		{53A4B44D-C587-1ED0-C944-834EA89508FD}.Debug|Any CPU.Build.0 = Debug|Any CPU
		{53A4B44D-C587-1ED0-C944-834EA89508FD}.Release|Any CPU.ActiveCfg = Release|Any CPU
		{53A4B44D-C587-1ED0-C944-834EA89508FD}.Release|Any CPU.Build.0 = Release|Any CPU
		{6A093499-3B7A-71F2-8793-20E600CE8610}.Debug|Any CPU.ActiveCfg = Debug|Any CPU
		{6A093499-3B7A-71F2-8793-20E600CE8610}.Debug|Any CPU.Build.0 = Debug|Any CPU
		{6A093499-3B7A-71F2-8793-20E600CE8610}.Release|Any CPU.ActiveCfg = Release|Any CPU
		{6A093499-3B7A-71F2-8793-20E600CE8610}.Release|Any CPU.Build.0 = Release|Any CPU
		{C615911B-EF2A-D5E1-1CFB-5D278FA273D2}.Debug|Any CPU.ActiveCfg = Debug|Any CPU
		{C615911B-EF2A-D5E1-1CFB-5D278FA273D2}.Debug|Any CPU.Build.0 = Debug|Any CPU
		{C615911B-EF2A-D5E1-1CFB-5D278FA273D2}.Release|Any CPU.ActiveCfg = Release|Any CPU
		{C615911B-EF2A-D5E1-1CFB-5D278FA273D2}.Release|Any CPU.Build.0 = Release|Any CPU
		{1082B390-7315-9D8E-BF58-53BE9AF2F68A}.Debug|Any CPU.ActiveCfg = Debug|Any CPU
		{1082B390-7315-9D8E-BF58-53BE9AF2F68A}.Debug|Any CPU.Build.0 = Debug|Any CPU
		{1082B390-7315-9D8E-BF58-53BE9AF2F68A}.Release|Any CPU.ActiveCfg = Release|Any CPU
		{1082B390-7315-9D8E-BF58-53BE9AF2F68A}.Release|Any CPU.Build.0 = Release|Any CPU
		{B125B7BC-A321-D392-2929-42AA482B2263}.Debug|Any CPU.ActiveCfg = Debug|Any CPU
		{B125B7BC-A321-D392-2929-42AA482B2263}.Debug|Any CPU.Build.0 = Debug|Any CPU
		{B125B7BC-A321-D392-2929-42AA482B2263}.Release|Any CPU.ActiveCfg = Release|Any CPU
		{B125B7BC-A321-D392-2929-42AA482B2263}.Release|Any CPU.Build.0 = Release|Any CPU
		{AA320F23-E273-CF3D-ECC5-E3B3EE38E655}.Debug|Any CPU.ActiveCfg = Debug|Any CPU
		{AA320F23-E273-CF3D-ECC5-E3B3EE38E655}.Debug|Any CPU.Build.0 = Debug|Any CPU
		{AA320F23-E273-CF3D-ECC5-E3B3EE38E655}.Release|Any CPU.ActiveCfg = Release|Any CPU
		{AA320F23-E273-CF3D-ECC5-E3B3EE38E655}.Release|Any CPU.Build.0 = Release|Any CPU
		{D26EF55E-D30C-518A-2340-C096B47A9C02}.Debug|Any CPU.ActiveCfg = Debug|Any CPU
		{D26EF55E-D30C-518A-2340-C096B47A9C02}.Debug|Any CPU.Build.0 = Debug|Any CPU
		{D26EF55E-D30C-518A-2340-C096B47A9C02}.Release|Any CPU.ActiveCfg = Release|Any CPU
		{D26EF55E-D30C-518A-2340-C096B47A9C02}.Release|Any CPU.Build.0 = Release|Any CPU
		{50861573-23A3-BCBD-DFDB-2A1CFB929A2F}.Debug|Any CPU.ActiveCfg = Debug|Any CPU
		{50861573-23A3-BCBD-DFDB-2A1CFB929A2F}.Debug|Any CPU.Build.0 = Debug|Any CPU
		{50861573-23A3-BCBD-DFDB-2A1CFB929A2F}.Release|Any CPU.ActiveCfg = Release|Any CPU
		{50861573-23A3-BCBD-DFDB-2A1CFB929A2F}.Release|Any CPU.Build.0 = Release|Any CPU
		{D7208026-3029-DD39-0449-2AD64786FAF4}.Debug|Any CPU.ActiveCfg = Debug|Any CPU
		{D7208026-3029-DD39-0449-2AD64786FAF4}.Debug|Any CPU.Build.0 = Debug|Any CPU
		{D7208026-3029-DD39-0449-2AD64786FAF4}.Release|Any CPU.ActiveCfg = Release|Any CPU
		{D7208026-3029-DD39-0449-2AD64786FAF4}.Release|Any CPU.Build.0 = Release|Any CPU
		{43C42401-C6C3-28EB-5BC7-32F0B5CC16C2}.Debug|Any CPU.ActiveCfg = Debug|Any CPU
		{43C42401-C6C3-28EB-5BC7-32F0B5CC16C2}.Debug|Any CPU.Build.0 = Debug|Any CPU
		{43C42401-C6C3-28EB-5BC7-32F0B5CC16C2}.Release|Any CPU.ActiveCfg = Release|Any CPU
		{43C42401-C6C3-28EB-5BC7-32F0B5CC16C2}.Release|Any CPU.Build.0 = Release|Any CPU
		{454E0C8A-2709-D62E-8923-9DB187FD6F18}.Debug|Any CPU.ActiveCfg = Debug|Any CPU
		{454E0C8A-2709-D62E-8923-9DB187FD6F18}.Debug|Any CPU.Build.0 = Debug|Any CPU
		{454E0C8A-2709-D62E-8923-9DB187FD6F18}.Release|Any CPU.ActiveCfg = Release|Any CPU
		{454E0C8A-2709-D62E-8923-9DB187FD6F18}.Release|Any CPU.Build.0 = Release|Any CPU
		{D57C8367-AA36-41CA-D49A-13CF58F29559}.Debug|Any CPU.ActiveCfg = Debug|Any CPU
		{D57C8367-AA36-41CA-D49A-13CF58F29559}.Debug|Any CPU.Build.0 = Debug|Any CPU
		{D57C8367-AA36-41CA-D49A-13CF58F29559}.Release|Any CPU.ActiveCfg = Release|Any CPU
		{D57C8367-AA36-41CA-D49A-13CF58F29559}.Release|Any CPU.Build.0 = Release|Any CPU
		{83E4562F-D459-4DF4-8266-55A07D25B56B}.Debug|Any CPU.ActiveCfg = Debug|Any CPU
		{83E4562F-D459-4DF4-8266-55A07D25B56B}.Debug|Any CPU.Build.0 = Debug|Any CPU
		{83E4562F-D459-4DF4-8266-55A07D25B56B}.Release|Any CPU.ActiveCfg = Release|Any CPU
		{83E4562F-D459-4DF4-8266-55A07D25B56B}.Release|Any CPU.Build.0 = Release|Any CPU
	EndGlobalSection
	GlobalSection(SolutionProperties) = preSolution
		HideSolutionNode = FALSE
	EndGlobalSection
EndGlobal
