
Microsoft Visual Studio Solution File, Format Version 12.00
# Visual Studio 15
Project("{FAE04EC0-301F-11D3-BF4B-00C04F79EFBC}") = "UnityPlus.AssetManagement", "UnityPlus.AssetManagement.csproj", "{3BD087B6-C6F9-34F4-6F71-1FB8C4DA545F}"
EndProject
Project("{FAE04EC0-301F-11D3-BF4B-00C04F79EFBC}") = "Assembly-CSharp", "Assembly-CSharp.csproj", "{51408512-292B-ABBD-B433-2ADD90ED1264}"
EndProject
Project("{FAE04EC0-301F-11D3-BF4B-00C04F79EFBC}") = "UILib", "UILib.csproj", "{70FA2AF0-1725-15E3-F4B5-4083D9252BF4}"
EndProject
Project("{FAE04EC0-301F-11D3-BF4B-00C04F79EFBC}") = "KSS.Tests.PlayMode", "KSS.Tests.PlayMode.csproj", "{454E0C8A-2709-D62E-8923-9DB187FD6F18}"
EndProject
Project("{FAE04EC0-301F-11D3-BF4B-00C04F79EFBC}") = "KSS.Tests.EditMode", "KSS.Tests.EditMode.csproj", "{D57C8367-AA36-41CA-D49A-13CF58F29559}"
EndProject
Global
	GlobalSection(SolutionConfigurationPlatforms) = preSolution
		Debug|Any CPU = Debug|Any CPU
		Release|Any CPU = Release|Any CPU
	EndGlobalSection
	GlobalSection(ProjectConfigurationPlatforms) = postSolution
		{3BD087B6-C6F9-34F4-6F71-1FB8C4DA545F}.Debug|Any CPU.ActiveCfg = Debug|Any CPU
		{3BD087B6-C6F9-34F4-6F71-1FB8C4DA545F}.Debug|Any CPU.Build.0 = Debug|Any CPU
		{3BD087B6-C6F9-34F4-6F71-1FB8C4DA545F}.Release|Any CPU.ActiveCfg = Release|Any CPU
		{3BD087B6-C6F9-34F4-6F71-1FB8C4DA545F}.Release|Any CPU.Build.0 = Release|Any CPU
		{51408512-292B-ABBD-B433-2ADD90ED1264}.Debug|Any CPU.ActiveCfg = Debug|Any CPU
		{51408512-292B-ABBD-B433-2ADD90ED1264}.Debug|Any CPU.Build.0 = Debug|Any CPU
		{51408512-292B-ABBD-B433-2ADD90ED1264}.Release|Any CPU.ActiveCfg = Release|Any CPU
		{51408512-292B-ABBD-B433-2ADD90ED1264}.Release|Any CPU.Build.0 = Release|Any CPU
		{70FA2AF0-1725-15E3-F4B5-4083D9252BF4}.Debug|Any CPU.ActiveCfg = Debug|Any CPU
		{70FA2AF0-1725-15E3-F4B5-4083D9252BF4}.Debug|Any CPU.Build.0 = Debug|Any CPU
		{70FA2AF0-1725-15E3-F4B5-4083D9252BF4}.Release|Any CPU.ActiveCfg = Release|Any CPU
		{70FA2AF0-1725-15E3-F4B5-4083D9252BF4}.Release|Any CPU.Build.0 = Release|Any CPU
		{454E0C8A-2709-D62E-8923-9DB187FD6F18}.Debug|Any CPU.ActiveCfg = Debug|Any CPU
		{454E0C8A-2709-D62E-8923-9DB187FD6F18}.Debug|Any CPU.Build.0 = Debug|Any CPU
		{454E0C8A-2709-D62E-8923-9DB187FD6F18}.Release|Any CPU.ActiveCfg = Release|Any CPU
		{454E0C8A-2709-D62E-8923-9DB187FD6F18}.Release|Any CPU.Build.0 = Release|Any CPU
		{D57C8367-AA36-41CA-D49A-13CF58F29559}.Debug|Any CPU.ActiveCfg = Debug|Any CPU
		{D57C8367-AA36-41CA-D49A-13CF58F29559}.Debug|Any CPU.Build.0 = Debug|Any CPU
		{D57C8367-AA36-41CA-D49A-13CF58F29559}.Release|Any CPU.ActiveCfg = Release|Any CPU
		{D57C8367-AA36-41CA-D49A-13CF58F29559}.Release|Any CPU.Build.0 = Release|Any CPU
	EndGlobalSection
	GlobalSection(SolutionProperties) = preSolution
		HideSolutionNode = FALSE
	EndGlobalSection
EndGlobal
